
Microsoft Visual Studio Solution File, Format Version 12.00
# Visual Studio Version 17
VisualStudioVersion = 17.13.35931.197 d17.13
MinimumVisualStudioVersion = 10.0.40219.1
Project("{FAE04EC0-301F-11D3-BF4B-00C04F79EFBC}") = "Week_6_Assignment_6.2.1", "Week_6_Assignment_6.2.1.csproj", "{9C815C31-7C27-41B5-9BE5-D8B23CE7DF14}"
EndProject
Global
	GlobalSection(SolutionConfigurationPlatforms) = preSolution
		Debug|Any CPU = Debug|Any CPU
		Release|Any CPU = Release|Any CPU
	EndGlobalSection
	GlobalSection(ProjectConfigurationPlatforms) = postSolution
		{9C815C31-7C27-41B5-9BE5-D8B23CE7DF14}.Debug|Any CPU.ActiveCfg = Debug|Any CPU
		{9C815C31-7C27-41B5-9BE5-D8B23CE7DF14}.Debug|Any CPU.Build.0 = Debug|Any CPU
		{9C815C31-7C27-41B5-9BE5-D8B23CE7DF14}.Release|Any CPU.ActiveCfg = Release|Any CPU
		{9C815C31-7C27-41B5-9BE5-D8B23CE7DF14}.Release|Any CPU.Build.0 = Release|Any CPU
	EndGlobalSection
	GlobalSection(SolutionProperties) = preSolution
		HideSolutionNode = FALSE
	EndGlobalSection
	GlobalSection(ExtensibilityGlobals) = postSolution
		SolutionGuid = {E4B7FCE5-8674-4AD1-AF24-72F259EC23A4}
	EndGlobalSection
EndGlobal
